
Microsoft Visual Studio Solution File, Format Version 12.00
# Visual Studio Version 17
VisualStudioVersion = 17.3.32804.467
MinimumVisualStudioVersion = 10.0.40219.1
Project("{FAE04EC0-301F-11D3-BF4B-00C04F79EFBC}") = "Pre Entrega 1", "Pre Entrega 1.csproj", "{E709BEE8-299F-4AAA-8480-CE046BECE9D6}"
EndProject
Global
	GlobalSection(SolutionConfigurationPlatforms) = preSolution
		Debug|Any CPU = Debug|Any CPU
		Release|Any CPU = Release|Any CPU
	EndGlobalSection
	GlobalSection(ProjectConfigurationPlatforms) = postSolution
		{E709BEE8-299F-4AAA-8480-CE046BECE9D6}.Debug|Any CPU.ActiveCfg = Debug|Any CPU
		{E709BEE8-299F-4AAA-8480-CE046BECE9D6}.Debug|Any CPU.Build.0 = Debug|Any CPU
		{E709BEE8-299F-4AAA-8480-CE046BECE9D6}.Release|Any CPU.ActiveCfg = Release|Any CPU
		{E709BEE8-299F-4AAA-8480-CE046BECE9D6}.Release|Any CPU.Build.0 = Release|Any CPU
	EndGlobalSection
	GlobalSection(SolutionProperties) = preSolution
		HideSolutionNode = FALSE
	EndGlobalSection
	GlobalSection(ExtensibilityGlobals) = postSolution
		SolutionGuid = {FC0FD1D6-A518-4E7C-BAFF-6760D812A963}
	EndGlobalSection
EndGlobal
